# Generated by pub
# See https://dart.dev/tools/pub/glossary#lockfile
packages:
  args:
    dependency: transitive
    description:
      name: args
      sha256: bf9f5caeea8d8fe6721a9c358dd8a5c1947b27f1cfaa18b39c301273594919e6
      url: "https://pub.dev"
    source: hosted
    version: "2.6.0"
  async:
    dependency: transitive
    description:
      name: async
      sha256: d2872f9c19731c2e5f10444b14686eb7cc85c76274bd6c16e1816bff9a3bab63
      url: "https://pub.dev"
    source: hosted
    version: "2.12.0"
  blur:
    dependency: "direct main"
    description:
      name: blur
      sha256: c17450404bceea429100e0838d19bbfaa6ad1f3053e7bac78a0264bbd60cfe01
      url: "https://pub.dev"
    source: hosted
    version: "4.0.0"
  boolean_selector:
    dependency: transitive
    description:
      name: boolean_selector
      sha256: "8aab1771e1243a5063b8b0ff68042d67334e3feab9e95b9490f9a6ebf73b42ea"
      url: "https://pub.dev"
    source: hosted
    version: "2.1.2"
  bubbles_selection:
    dependency: "direct main"
    description:
      name: bubbles_selection
      sha256: ad488e3ac2df247fbe1bfced420be49ceb52220803cebcca6d11df0c1f6ae7f5
      url: "https://pub.dev"
    source: hosted
    version: "0.0.1-dev.0"
  characters:
    dependency: transitive
    description:
      name: characters
      sha256: "04a925763edad70e8443c99234dc3328f442e811f1d8fd1a72f1c8ad0f69a605"
      url: "https://pub.dev"
    source: hosted
    version: "1.3.0"
  clock:
    dependency: transitive
    description:
      name: clock
      sha256: fddb70d9b5277016c77a80201021d40a2247104d9f4aa7bab7157b7e3f05b84b
      url: "https://pub.dev"
    source: hosted
    version: "1.1.2"
  cloud_functions:
    dependency: "direct main"
    description:
      name: cloud_functions
      sha256: ec363f3b0430954702369a7e898ea25e18e60199cadc8c7030af81057b35be3b
      url: "https://pub.dev"
    source: hosted
    version: "5.2.0"
  cloud_functions_platform_interface:
    dependency: transitive
    description:
      name: cloud_functions_platform_interface
      sha256: "1854660b9701ba2cc3fc566d18f43e4007b6e061990f0d7a1d42420eabba1c20"
      url: "https://pub.dev"
    source: hosted
    version: "5.5.40"
  cloud_functions_web:
    dependency: transitive
    description:
      name: cloud_functions_web
      sha256: "00149357e5579a7468a9abfbd86df638b5ab0f003de0f9b6ad6659027ad013ee"
      url: "https://pub.dev"
    source: hosted
    version: "4.10.5"
  collection:
    dependency: transitive
    description:
      name: collection
      sha256: a1ace0a119f20aabc852d165077c036cd864315bd99b7eaa10a60100341941bf
      url: "https://pub.dev"
    source: hosted
    version: "1.19.0"
  cupertino_icons:
    dependency: "direct main"
    description:
      name: cupertino_icons
      sha256: ba631d1c7f7bef6b729a622b7b752645a2d076dba9976925b8f25725a30e1ee6
      url: "https://pub.dev"
    source: hosted
    version: "1.0.8"
  fake_async:
    dependency: transitive
    description:
      name: fake_async
      sha256: "6a95e56b2449df2273fd8c45a662d6947ce1ebb7aafe80e550a3f68297f3cacc"
      url: "https://pub.dev"
    source: hosted
    version: "1.3.2"
  firebase_core:
    dependency: "direct main"
    description:
      name: firebase_core
      sha256: fef81a53ba1ca618def1f8bef4361df07968434e62cb204c1fb90bb880a03da2
      url: "https://pub.dev"
    source: hosted
    version: "3.8.1"
  firebase_core_platform_interface:
    dependency: transitive
    description:
      name: firebase_core_platform_interface
      sha256: d7253d255ff10f85cfd2adaba9ac17bae878fa3ba577462451163bd9f1d1f0bf
      url: "https://pub.dev"
    source: hosted
    version: "5.4.0"
  firebase_core_web:
    dependency: transitive
    description:
      name: firebase_core_web
      sha256: fbc008cf390d909b823763064b63afefe9f02d8afdb13eb3f485b871afee956b
      url: "https://pub.dev"
    source: hosted
    version: "2.19.0"
  flame:
    dependency: transitive
    description:
      name: flame
      sha256: c02390443e40a2a9034ac867d0789ab32f215eba4779bff4655a7143eb3d75d0
      url: "https://pub.dev"
    source: hosted
    version: "1.22.0"
  flame_forge2d:
    dependency: transitive
    description:
      name: flame_forge2d
      sha256: "2bcfc01287f7eeaf62362bd2d85ddf2e1cfd9b6fc221e7f09659fbe713cbd860"
      url: "https://pub.dev"
    source: hosted
    version: "0.12.5"
  flutter:
    dependency: "direct main"
    description: flutter
    source: sdk
    version: "0.0.0"
  flutter_lints:
    dependency: "direct dev"
    description:
      name: flutter_lints
      sha256: "5398f14efa795ffb7a33e9b6a08798b26a180edac4ad7db3f231e40f82ce11e1"
      url: "https://pub.dev"
    source: hosted
    version: "5.0.0"
  flutter_localizations:
    dependency: "direct main"
    description: flutter
    source: sdk
    version: "0.0.0"
  flutter_svg:
    dependency: "direct main"
    description:
      name: flutter_svg
      sha256: "54900a1a1243f3c4a5506d853a2b5c2dbc38d5f27e52a52618a8054401431123"
      url: "https://pub.dev"
    source: hosted
    version: "2.0.16"
  flutter_svg_provider:
    dependency: "direct main"
    description:
      name: flutter_svg_provider
      sha256: cda47ab350671ba51ae4605d48f4c82fa5a2c399d22ebda367c1b407234c5048
      url: "https://pub.dev"
    source: hosted
    version: "1.0.7"
  flutter_swiper_view:
    dependency: "direct main"
    description:
      name: flutter_swiper_view
      sha256: "2a165b259e8a4c49d4da5626b967ed42a73dac2d075bd9e266ad8d23b9f01879"
      url: "https://pub.dev"
    source: hosted
    version: "1.1.8"
  flutter_test:
    dependency: "direct dev"
    description: flutter
    source: sdk
    version: "0.0.0"
  flutter_tts:
    dependency: "direct main"
    description:
      name: flutter_tts
      sha256: ece61b9eca4311f72b674ddff8ab9b1aba1b13dcf4a5ded20f612c5cc871779c
      url: "https://pub.dev"
    source: hosted
    version: "4.2.1"
  flutter_web_plugins:
    dependency: transitive
    description: flutter
    source: sdk
    version: "0.0.0"
  forge2d:
    dependency: transitive
    description:
      name: forge2d
      sha256: "82e6e89bd1224d87066e9b164d534c4977f4895f554f931608a182534fac6e5e"
      url: "https://pub.dev"
    source: hosted
    version: "0.11.0"
  http:
    dependency: transitive
    description:
      name: http
      sha256: b9c29a161230ee03d3ccf545097fccd9b87a5264228c5d348202e0f0c28f9010
      url: "https://pub.dev"
    source: hosted
    version: "1.2.2"
  http_parser:
    dependency: transitive
    description:
      name: http_parser
      sha256: "178d74305e7866013777bab2c3d8726205dc5a4dd935297175b19a23a2e66571"
      url: "https://pub.dev"
    source: hosted
    version: "4.1.2"
  intl:
    dependency: transitive
    description:
      name: intl
      sha256: d6f56758b7d3014a48af9701c085700aac781a92a87a62b1333b46d8879661cf
      url: "https://pub.dev"
    source: hosted
    version: "0.19.0"
  leak_tracker:
    dependency: transitive
    description:
      name: leak_tracker
      sha256: c35baad643ba394b40aac41080300150a4f08fd0fd6a10378f8f7c6bc161acec
      url: "https://pub.dev"
    source: hosted
    version: "10.0.8"
  leak_tracker_flutter_testing:
    dependency: transitive
    description:
      name: leak_tracker_flutter_testing
      sha256: f8b613e7e6a13ec79cfdc0e97638fddb3ab848452eff057653abd3edba760573
      url: "https://pub.dev"
    source: hosted
    version: "3.0.9"
  leak_tracker_testing:
    dependency: transitive
    description:
      name: leak_tracker_testing
      sha256: "6ba465d5d76e67ddf503e1161d1f4a6bc42306f9d66ca1e8f079a47290fb06d3"
      url: "https://pub.dev"
    source: hosted
    version: "3.0.1"
  lints:
    dependency: transitive
    description:
      name: lints
      sha256: c35bb79562d980e9a453fc715854e1ed39e24e7d0297a880ef54e17f9874a9d7
      url: "https://pub.dev"
    source: hosted
    version: "5.1.1"
  localization:
    dependency: "direct main"
    description:
      name: localization
      sha256: "9fa21644b75ca3fe844f8f115d03cd6fdc675054dd9aab6c5de5861145ea57b5"
      url: "https://pub.dev"
    source: hosted
    version: "2.1.1"
  matcher:
    dependency: transitive
    description:
      name: matcher
      sha256: d2323aa2060500f906aa31a895b4030b6da3ebdcc5619d14ce1aada65cd161cb
      url: "https://pub.dev"
    source: hosted
    version: "0.12.16+1"
  material_color_utilities:
    dependency: transitive
    description:
      name: material_color_utilities
      sha256: f7142bb1154231d7ea5f96bc7bde4bda2a0945d2806bb11670e30b850d56bdec
      url: "https://pub.dev"
    source: hosted
    version: "0.11.1"
  meta:
    dependency: transitive
    description:
      name: meta
      sha256: bdb68674043280c3428e9ec998512fb681678676b3c54e773629ffe74419f8c7
      url: "https://pub.dev"
    source: hosted
    version: "1.15.0"
  ordered_set:
    dependency: transitive
    description:
      name: ordered_set
      sha256: fc861bb51fc863cd3e0718e21768af9586e0d5022b91a0fd4437636456cdb7d0
      url: "https://pub.dev"
    source: hosted
    version: "6.1.1"
  palette_generator:
    dependency: "direct main"
    description:
      name: palette_generator
      sha256: "0b20245c451f14a5ca0818ab7a377765162389f8e8f0db361cceabf0fed9d1ea"
      url: "https://pub.dev"
    source: hosted
    version: "0.3.3+5"
  path:
    dependency: transitive
    description:
      name: path
      sha256: "75cca69d1490965be98c73ceaea117e8a04dd21217b37b292c9ddbec0d955bc5"
      url: "https://pub.dev"
    source: hosted
    version: "1.9.1"
  path_parsing:
    dependency: transitive
    description:
      name: path_parsing
      sha256: "883402936929eac138ee0a45da5b0f2c80f89913e6dc3bf77eb65b84b409c6ca"
      url: "https://pub.dev"
    source: hosted
    version: "1.1.0"
  petitparser:
    dependency: transitive
    description:
      name: petitparser
      sha256: c15605cd28af66339f8eb6fbe0e541bfe2d1b72d5825efc6598f3e0a31b9ad27
      url: "https://pub.dev"
    source: hosted
    version: "6.0.2"
  plugin_platform_interface:
    dependency: transitive
    description:
      name: plugin_platform_interface
      sha256: "4820fbfdb9478b1ebae27888254d445073732dae3d6ea81f0b7e06d5dedc3f02"
      url: "https://pub.dev"
    source: hosted
    version: "2.1.8"
  sky_engine:
    dependency: transitive
    description: flutter
    source: sdk
    version: "0.0.0"
  source_span:
    dependency: transitive
    description:
      name: source_span
      sha256: "254ee5351d6cb365c859e20ee823c3bb479bf4a293c22d17a9f1bf144ce86f7c"
      url: "https://pub.dev"
    source: hosted
    version: "1.10.1"
  stack_trace:
    dependency: transitive
    description:
      name: stack_trace
      sha256: "9f47fd3630d76be3ab26f0ee06d213679aa425996925ff3feffdec504931c377"
      url: "https://pub.dev"
    source: hosted
    version: "1.12.0"
  stream_channel:
    dependency: transitive
    description:
      name: stream_channel
      sha256: ba2aa5d8cc609d96bbb2899c28934f9e1af5cddbd60a827822ea467161eb54e7
      url: "https://pub.dev"
    source: hosted
    version: "2.1.2"
  string_scanner:
    dependency: transitive
    description:
      name: string_scanner
      sha256: "0bd04f5bb74fcd6ff0606a888a30e917af9bd52820b178eaa464beb11dca84b6"
      url: "https://pub.dev"
    source: hosted
    version: "1.4.0"
  term_glyph:
    dependency: transitive
    description:
      name: term_glyph
      sha256: a29248a84fbb7c79282b40b8c72a1209db169a2e0542bce341da992fe1bc7e84
      url: "https://pub.dev"
    source: hosted
    version: "1.2.1"
  test_api:
    dependency: transitive
    description:
      name: test_api
      sha256: fb31f383e2ee25fbbfe06b40fe21e1e458d14080e3c67e7ba0acfde4df4e0bbd
      url: "https://pub.dev"
    source: hosted
    version: "0.7.4"
  text_to_speech:
    dependency: "direct main"
    description:
      name: text_to_speech
      sha256: f9adeb82bf0c912fd7f0ce656b1283e49b0869f9247bf865859dcf0186ed32f3
      url: "https://pub.dev"
    source: hosted
    version: "0.2.3"
  text_to_speech_macos:
    dependency: transitive
    description:
      name: text_to_speech_macos
      sha256: "11d1b7d4eff579743b04d371e86d17bebd599f7d998b9fa4cf07a5821cda3b6d"
      url: "https://pub.dev"
    source: hosted
    version: "0.1.1"
  text_to_speech_platform_interface:
    dependency: transitive
    description:
      name: text_to_speech_platform_interface
      sha256: "9d637f0ae36e296f42a0e555bd65ba4c64a28a7c26a2752fdae62f6d78b6c2d0"
      url: "https://pub.dev"
    source: hosted
    version: "0.1.3"
  text_to_speech_web:
    dependency: transitive
    description:
      name: text_to_speech_web
      sha256: "47d006c0a377c9eb3f6bcca4d92b3ece2c67f5eb31b9416727cc81b92c36d6d1"
      url: "https://pub.dev"
    source: hosted
    version: "0.1.2"
  typed_data:
    dependency: transitive
    description:
      name: typed_data
      sha256: f9049c039ebfeb4cf7a7104a675823cd72dba8297f264b6637062516699fa006
      url: "https://pub.dev"
    source: hosted
    version: "1.4.0"
  vector_graphics:
    dependency: transitive
    description:
      name: vector_graphics
      sha256: "27d5fefe86fb9aace4a9f8375b56b3c292b64d8c04510df230f849850d912cb7"
      url: "https://pub.dev"
    source: hosted
    version: "1.1.15"
  vector_graphics_codec:
    dependency: transitive
    description:
      name: vector_graphics_codec
      sha256: "2430b973a4ca3c4dbc9999b62b8c719a160100dcbae5c819bae0cacce32c9cdb"
      url: "https://pub.dev"
    source: hosted
    version: "1.1.12"
  vector_graphics_compiler:
    dependency: transitive
    description:
      name: vector_graphics_compiler
      sha256: "1b4b9e706a10294258727674a340ae0d6e64a7231980f9f9a3d12e4b42407aad"
      url: "https://pub.dev"
    source: hosted
    version: "1.1.16"
  vector_math:
    dependency: transitive
    description:
      name: vector_math
      sha256: "80b3257d1492ce4d091729e3a67a60407d227c27241d6927be0130c98e741803"
      url: "https://pub.dev"
    source: hosted
    version: "2.1.4"
  vm_service:
    dependency: transitive
    description:
      name: vm_service
      sha256: "0968250880a6c5fe7edc067ed0a13d4bae1577fe2771dcf3010d52c4a9d3ca14"
      url: "https://pub.dev"
    source: hosted
    version: "14.3.1"
  web:
    dependency: transitive
    description:
      name: web
      sha256: cd3543bd5798f6ad290ea73d210f423502e71900302dde696f8bff84bf89a1cb
      url: "https://pub.dev"
    source: hosted
    version: "1.1.0"
  xml:
    dependency: transitive
    description:
      name: xml
      sha256: b015a8ad1c488f66851d762d3090a21c600e479dc75e68328c52774040cf9226
      url: "https://pub.dev"
    source: hosted
    version: "6.5.0"
sdks:
  dart: ">=3.7.0-260.0.dev <4.0.0"
  flutter: ">=3.22.0"
